
Microsoft Visual Studio Solution File, Format Version 12.00
# Visual Studio Version 17
VisualStudioVersion = 17.10.35027.167
MinimumVisualStudioVersion = 10.0.40219.1
Project("{9A19103F-16F7-4668-BE54-9A1E7A4F7556}") = "XAML01", "XAML01.csproj", "{A5CBB592-5A2D-47BF-A1DB-79B8C7F68D33}"
EndProject
Project("{9A19103F-16F7-4668-BE54-9A1E7A4F7556}") = "ListBox_WPF", "..\ListBox_WPF\ListBox_WPF.csproj", "{2BCB41B0-8A13-4659-8AAB-346765C3D2A6}"
EndProject
Project("{FAE04EC0-301F-11D3-BF4B-00C04F79EFBC}") = "SliderAndTextbox", "..\SliderAndTextbox\SliderAndTextbox.csproj", "{0BBC654C-822E-4A35-A9EB-74886F5E9B12}"
EndProject
Global
	GlobalSection(SolutionConfigurationPlatforms) = preSolution
		Debug|Any CPU = Debug|Any CPU
		Release|Any CPU = Release|Any CPU
	EndGlobalSection
	GlobalSection(ProjectConfigurationPlatforms) = postSolution
		{A5CBB592-5A2D-47BF-A1DB-79B8C7F68D33}.Debug|Any CPU.ActiveCfg = Debug|Any CPU
		{A5CBB592-5A2D-47BF-A1DB-79B8C7F68D33}.Debug|Any CPU.Build.0 = Debug|Any CPU
		{A5CBB592-5A2D-47BF-A1DB-79B8C7F68D33}.Release|Any CPU.ActiveCfg = Release|Any CPU
		{A5CBB592-5A2D-47BF-A1DB-79B8C7F68D33}.Release|Any CPU.Build.0 = Release|Any CPU
		{2BCB41B0-8A13-4659-8AAB-346765C3D2A6}.Debug|Any CPU.ActiveCfg = Debug|Any CPU
		{2BCB41B0-8A13-4659-8AAB-346765C3D2A6}.Debug|Any CPU.Build.0 = Debug|Any CPU
		{2BCB41B0-8A13-4659-8AAB-346765C3D2A6}.Release|Any CPU.ActiveCfg = Release|Any CPU
		{2BCB41B0-8A13-4659-8AAB-346765C3D2A6}.Release|Any CPU.Build.0 = Release|Any CPU
		{0BBC654C-822E-4A35-A9EB-74886F5E9B12}.Debug|Any CPU.ActiveCfg = Debug|Any CPU
		{0BBC654C-822E-4A35-A9EB-74886F5E9B12}.Debug|Any CPU.Build.0 = Debug|Any CPU
		{0BBC654C-822E-4A35-A9EB-74886F5E9B12}.Release|Any CPU.ActiveCfg = Release|Any CPU
		{0BBC654C-822E-4A35-A9EB-74886F5E9B12}.Release|Any CPU.Build.0 = Release|Any CPU
	EndGlobalSection
	GlobalSection(SolutionProperties) = preSolution
		HideSolutionNode = FALSE
	EndGlobalSection
	GlobalSection(ExtensibilityGlobals) = postSolution
		SolutionGuid = {A12AA5E5-C89E-4252-B791-EA49EB2370EC}
	EndGlobalSection
EndGlobal
