
Microsoft Visual Studio Solution File, Format Version 12.00
# Visual Studio Version 17
VisualStudioVersion = 17.10.35027.167
MinimumVisualStudioVersion = 10.0.40219.1
Project("{FAE04EC0-301F-11D3-BF4B-00C04F79EFBC}") = "Array", "Array.csproj", "{3FA5E861-5937-48F6-B862-3055AE3F44DA}"
EndProject
Project("{9A19103F-16F7-4668-BE54-9A1E7A4F7556}") = "MeanValue", "MeanValue\MeanValue.csproj", "{B1906808-D44B-44AE-8ECD-75C3547F3A76}"
EndProject
Project("{9A19103F-16F7-4668-BE54-9A1E7A4F7556}") = "CounterStr", "CounterStr\CounterStr.csproj", "{1C22749E-3EE3-45C9-A50D-139890E6F4C7}"
EndProject
Project("{9A19103F-16F7-4668-BE54-9A1E7A4F7556}") = "WordBreak", "WordBreak\WordBreak.csproj", "{A2920BE8-D230-4A3B-ADA6-A9BFC13A8785}"
EndProject
Project("{9A19103F-16F7-4668-BE54-9A1E7A4F7556}") = "Student_Score_Class", "Student_Score_Class\Student_Score_Class.csproj", "{CB45BB2B-BABC-44A1-8EE6-9E92590C1A1B}"
EndProject
Project("{9A19103F-16F7-4668-BE54-9A1E7A4F7556}") = "ThreadColor", "ThreadColor\ThreadColor.csproj", "{01D007EE-3562-4261-9063-209C3FA227BD}"
EndProject
Project("{9A19103F-16F7-4668-BE54-9A1E7A4F7556}") = "EventTimer", "EventTimer\EventTimer.csproj", "{1922B995-CA2A-4206-89AC-406A44BE1CB4}"
EndProject
Project("{FAE04EC0-301F-11D3-BF4B-00C04F79EFBC}") = "CustomerAndWaiter", "CustomerAndWaiter\CustomerAndWaiter.csproj", "{9C39DBE0-6CD6-4E97-B01C-472ECD495D4D}"
EndProject
Global
	GlobalSection(SolutionConfigurationPlatforms) = preSolution
		Debug|Any CPU = Debug|Any CPU
		Release|Any CPU = Release|Any CPU
	EndGlobalSection
	GlobalSection(ProjectConfigurationPlatforms) = postSolution
		{3FA5E861-5937-48F6-B862-3055AE3F44DA}.Debug|Any CPU.ActiveCfg = Debug|Any CPU
		{3FA5E861-5937-48F6-B862-3055AE3F44DA}.Debug|Any CPU.Build.0 = Debug|Any CPU
		{3FA5E861-5937-48F6-B862-3055AE3F44DA}.Release|Any CPU.ActiveCfg = Release|Any CPU
		{3FA5E861-5937-48F6-B862-3055AE3F44DA}.Release|Any CPU.Build.0 = Release|Any CPU
		{B1906808-D44B-44AE-8ECD-75C3547F3A76}.Debug|Any CPU.ActiveCfg = Debug|Any CPU
		{B1906808-D44B-44AE-8ECD-75C3547F3A76}.Debug|Any CPU.Build.0 = Debug|Any CPU
		{B1906808-D44B-44AE-8ECD-75C3547F3A76}.Release|Any CPU.ActiveCfg = Release|Any CPU
		{B1906808-D44B-44AE-8ECD-75C3547F3A76}.Release|Any CPU.Build.0 = Release|Any CPU
		{1C22749E-3EE3-45C9-A50D-139890E6F4C7}.Debug|Any CPU.ActiveCfg = Debug|Any CPU
		{1C22749E-3EE3-45C9-A50D-139890E6F4C7}.Debug|Any CPU.Build.0 = Debug|Any CPU
		{1C22749E-3EE3-45C9-A50D-139890E6F4C7}.Release|Any CPU.ActiveCfg = Release|Any CPU
		{1C22749E-3EE3-45C9-A50D-139890E6F4C7}.Release|Any CPU.Build.0 = Release|Any CPU
		{A2920BE8-D230-4A3B-ADA6-A9BFC13A8785}.Debug|Any CPU.ActiveCfg = Debug|Any CPU
		{A2920BE8-D230-4A3B-ADA6-A9BFC13A8785}.Debug|Any CPU.Build.0 = Debug|Any CPU
		{A2920BE8-D230-4A3B-ADA6-A9BFC13A8785}.Release|Any CPU.ActiveCfg = Release|Any CPU
		{A2920BE8-D230-4A3B-ADA6-A9BFC13A8785}.Release|Any CPU.Build.0 = Release|Any CPU
		{CB45BB2B-BABC-44A1-8EE6-9E92590C1A1B}.Debug|Any CPU.ActiveCfg = Debug|Any CPU
		{CB45BB2B-BABC-44A1-8EE6-9E92590C1A1B}.Debug|Any CPU.Build.0 = Debug|Any CPU
		{CB45BB2B-BABC-44A1-8EE6-9E92590C1A1B}.Release|Any CPU.ActiveCfg = Release|Any CPU
		{CB45BB2B-BABC-44A1-8EE6-9E92590C1A1B}.Release|Any CPU.Build.0 = Release|Any CPU
		{01D007EE-3562-4261-9063-209C3FA227BD}.Debug|Any CPU.ActiveCfg = Debug|Any CPU
		{01D007EE-3562-4261-9063-209C3FA227BD}.Debug|Any CPU.Build.0 = Debug|Any CPU
		{01D007EE-3562-4261-9063-209C3FA227BD}.Release|Any CPU.ActiveCfg = Release|Any CPU
		{01D007EE-3562-4261-9063-209C3FA227BD}.Release|Any CPU.Build.0 = Release|Any CPU
		{1922B995-CA2A-4206-89AC-406A44BE1CB4}.Debug|Any CPU.ActiveCfg = Debug|Any CPU
		{1922B995-CA2A-4206-89AC-406A44BE1CB4}.Debug|Any CPU.Build.0 = Debug|Any CPU
		{1922B995-CA2A-4206-89AC-406A44BE1CB4}.Release|Any CPU.ActiveCfg = Release|Any CPU
		{1922B995-CA2A-4206-89AC-406A44BE1CB4}.Release|Any CPU.Build.0 = Release|Any CPU
		{9C39DBE0-6CD6-4E97-B01C-472ECD495D4D}.Debug|Any CPU.ActiveCfg = Debug|Any CPU
		{9C39DBE0-6CD6-4E97-B01C-472ECD495D4D}.Debug|Any CPU.Build.0 = Debug|Any CPU
		{9C39DBE0-6CD6-4E97-B01C-472ECD495D4D}.Release|Any CPU.ActiveCfg = Release|Any CPU
		{9C39DBE0-6CD6-4E97-B01C-472ECD495D4D}.Release|Any CPU.Build.0 = Release|Any CPU
	EndGlobalSection
	GlobalSection(SolutionProperties) = preSolution
		HideSolutionNode = FALSE
	EndGlobalSection
	GlobalSection(ExtensibilityGlobals) = postSolution
		SolutionGuid = {776A903A-0D14-4E5D-836B-BEF13DF50BAD}
	EndGlobalSection
EndGlobal
