
Microsoft Visual Studio Solution File, Format Version 12.00
# Visual Studio Version 17
VisualStudioVersion = 17.10.35027.167
MinimumVisualStudioVersion = 10.0.40219.1
Project("{FAE04EC0-301F-11D3-BF4B-00C04F79EFBC}") = "Array", "Array.csproj", "{3FA5E861-5937-48F6-B862-3055AE3F44DA}"
EndProject
Project("{9A19103F-16F7-4668-BE54-9A1E7A4F7556}") = "MeanValue", "MeanValue\MeanValue.csproj", "{B1906808-D44B-44AE-8ECD-75C3547F3A76}"
EndProject
Project("{FAE04EC0-301F-11D3-BF4B-00C04F79EFBC}") = "CounterStr", "CounterStr\CounterStr.csproj", "{1C22749E-3EE3-45C9-A50D-139890E6F4C7}"
EndProject
Project("{FAE04EC0-301F-11D3-BF4B-00C04F79EFBC}") = "WordBreak", "WordBreak\WordBreak.csproj", "{A2920BE8-D230-4A3B-ADA6-A9BFC13A8785}"
EndProject
Global
	GlobalSection(SolutionConfigurationPlatforms) = preSolution
		Debug|Any CPU = Debug|Any CPU
		Release|Any CPU = Release|Any CPU
	EndGlobalSection
	GlobalSection(ProjectConfigurationPlatforms) = postSolution
		{3FA5E861-5937-48F6-B862-3055AE3F44DA}.Debug|Any CPU.ActiveCfg = Debug|Any CPU
		{3FA5E861-5937-48F6-B862-3055AE3F44DA}.Debug|Any CPU.Build.0 = Debug|Any CPU
		{3FA5E861-5937-48F6-B862-3055AE3F44DA}.Release|Any CPU.ActiveCfg = Release|Any CPU
		{3FA5E861-5937-48F6-B862-3055AE3F44DA}.Release|Any CPU.Build.0 = Release|Any CPU
		{B1906808-D44B-44AE-8ECD-75C3547F3A76}.Debug|Any CPU.ActiveCfg = Debug|Any CPU
		{B1906808-D44B-44AE-8ECD-75C3547F3A76}.Debug|Any CPU.Build.0 = Debug|Any CPU
		{B1906808-D44B-44AE-8ECD-75C3547F3A76}.Release|Any CPU.ActiveCfg = Release|Any CPU
		{B1906808-D44B-44AE-8ECD-75C3547F3A76}.Release|Any CPU.Build.0 = Release|Any CPU
		{1C22749E-3EE3-45C9-A50D-139890E6F4C7}.Debug|Any CPU.ActiveCfg = Debug|Any CPU
		{1C22749E-3EE3-45C9-A50D-139890E6F4C7}.Debug|Any CPU.Build.0 = Debug|Any CPU
		{1C22749E-3EE3-45C9-A50D-139890E6F4C7}.Release|Any CPU.ActiveCfg = Release|Any CPU
		{1C22749E-3EE3-45C9-A50D-139890E6F4C7}.Release|Any CPU.Build.0 = Release|Any CPU
		{A2920BE8-D230-4A3B-ADA6-A9BFC13A8785}.Debug|Any CPU.ActiveCfg = Debug|Any CPU
		{A2920BE8-D230-4A3B-ADA6-A9BFC13A8785}.Debug|Any CPU.Build.0 = Debug|Any CPU
		{A2920BE8-D230-4A3B-ADA6-A9BFC13A8785}.Release|Any CPU.ActiveCfg = Release|Any CPU
		{A2920BE8-D230-4A3B-ADA6-A9BFC13A8785}.Release|Any CPU.Build.0 = Release|Any CPU
	EndGlobalSection
	GlobalSection(SolutionProperties) = preSolution
		HideSolutionNode = FALSE
	EndGlobalSection
	GlobalSection(ExtensibilityGlobals) = postSolution
		SolutionGuid = {776A903A-0D14-4E5D-836B-BEF13DF50BAD}
	EndGlobalSection
EndGlobal
